{
  "name": "Coverage",
  "lockfileVersion": 3,
  "requires": true,
  "packages": {
    "": {
      "dependencies": {
        "packet28": "0.2.66"
      }
    },
    "node_modules/@packet28/darwin-arm64": {
      "version": "0.2.66",
      "resolved": "https://registry.npmjs.org/@packet28/darwin-arm64/-/darwin-arm64-0.2.66.tgz",
      "integrity": "sha512-elK9n+6NwgMTvdZZcYBasxzLEugKDY1VQCJI2lbh+KHlzPCp6iwAN2L//fOIRYR4lrN5/Y34rupDOyW5/V8LFg==",
      "cpu": [
        "arm64"
      ],
      "license": "MIT",
      "optional": true,
      "os": [
        "darwin"
      ]
    },
    "node_modules/@packet28/darwin-x64": {
      "version": "0.2.66",
      "resolved": "https://registry.npmjs.org/@packet28/darwin-x64/-/darwin-x64-0.2.66.tgz",
      "integrity": "sha512-VcyuwpuGGYmqhWGal6+A0MOl224va+1PQ6XKvZo8sQJn+UyqKXwmi4Uon48Snq5ahDSjHQzSNpo64vHNKtqGrA==",
      "cpu": [
        "x64"
      ],
      "license": "MIT",
      "optional": true,
      "os": [
        "darwin"
      ]
    },
    "node_modules/@packet28/linux-arm64": {
      "version": "0.2.66",
      "resolved": "https://registry.npmjs.org/@packet28/linux-arm64/-/linux-arm64-0.2.66.tgz",
      "integrity": "sha512-uOmG/LWSwE9uEvXp4bBrGiE16WBEWZTbz/KhQ/z+rINQS16ZJ5QRSdDqCuCeZPx2W2DA8vfBU9cloFZYYxlRzw==",
      "cpu": [
        "arm64"
      ],
      "license": "MIT",
      "optional": true,
      "os": [
        "linux"
      ]
    },
    "node_modules/@packet28/linux-x64": {
      "version": "0.2.66",
      "resolved": "https://registry.npmjs.org/@packet28/linux-x64/-/linux-x64-0.2.66.tgz",
      "integrity": "sha512-DqojpIZ1ETfF2nXtU4QoKUYGhWvIQZa7+AyQbmfdr7+eUonAY+DNj03A+2LilfURkYm442I+tIC2JpetBNALZA==",
      "cpu": [
        "x64"
      ],
      "license": "MIT",
      "optional": true,
      "os": [
        "linux"
      ]
    },
    "node_modules/packet28": {
      "version": "0.2.66",
      "resolved": "https://registry.npmjs.org/packet28/-/packet28-0.2.66.tgz",
      "integrity": "sha512-sZCt4cRmqGRbt+kjhYx2QYR/2pT6HkWvgv2pvtI688qxxqlaxrfnAIAsAkvJmct6B3kceAqUDkvx3SnSoe59FQ==",
      "license": "MIT",
      "bin": {
        "p28": "bin/p28.js",
        "packet28": "bin/packet28.js",
        "packet28-agent": "bin/packet28-agent.js",
        "packet28-mcp": "bin/packet28-mcp.js"
      },
      "engines": {
        "node": ">=18"
      },
      "optionalDependencies": {
        "@packet28/darwin-arm64": "0.2.66",
        "@packet28/darwin-x64": "0.2.66",
        "@packet28/linux-arm64": "0.2.66",
        "@packet28/linux-x64": "0.2.66"
      }
    }
  }
}
