{
  "name": "Coverage",
  "lockfileVersion": 3,
  "requires": true,
  "packages": {
    "": {
      "dependencies": {
        "packet28": "^0.2.10"
      }
    },
    "node_modules/@packet28/darwin-arm64": {
      "version": "0.2.10",
      "resolved": "https://registry.npmjs.org/@packet28/darwin-arm64/-/darwin-arm64-0.2.10.tgz",
      "integrity": "sha512-K93puoZIwxznZrUk7oCWA9MBr/Xxfr4vgPsDbMNqIOi8XV2/VyMB2KoPIiEW1XRwUnt0B5iM4JNPzLp02Zw6HQ==",
      "cpu": [
        "arm64"
      ],
      "license": "MIT",
      "optional": true,
      "os": [
        "darwin"
      ]
    },
    "node_modules/@packet28/darwin-x64": {
      "version": "0.2.10",
      "resolved": "https://registry.npmjs.org/@packet28/darwin-x64/-/darwin-x64-0.2.10.tgz",
      "integrity": "sha512-/Ufg1XxwqOUXEcCNSrLvy2j1MDJzhgkysDicpRqV2xh8bxMKcsd3v+1+MFofI/G9ebCyFhUfChWboqW2v+NU7A==",
      "cpu": [
        "x64"
      ],
      "license": "MIT",
      "optional": true,
      "os": [
        "darwin"
      ]
    },
    "node_modules/@packet28/linux-arm64": {
      "version": "0.2.10",
      "resolved": "https://registry.npmjs.org/@packet28/linux-arm64/-/linux-arm64-0.2.10.tgz",
      "integrity": "sha512-k+/o94xeicR9czP2HsE9NVVJM4KJgzLP2/8EVvESH3pOMuyZYpqOgvZwbk52mOlIlU0hel+lmYVUBciM5r8iOg==",
      "cpu": [
        "arm64"
      ],
      "license": "MIT",
      "optional": true,
      "os": [
        "linux"
      ]
    },
    "node_modules/@packet28/linux-x64": {
      "version": "0.2.10",
      "resolved": "https://registry.npmjs.org/@packet28/linux-x64/-/linux-x64-0.2.10.tgz",
      "integrity": "sha512-FHUeyRxS4F6Ixw6Hp78NgyOEqukH2qm9ILNPX73C1njnWdPBu8y3xF8X2KmOyq54NJlJvqYE0R/b1ZxR1vr4CA==",
      "cpu": [
        "x64"
      ],
      "license": "MIT",
      "optional": true,
      "os": [
        "linux"
      ]
    },
    "node_modules/packet28": {
      "version": "0.2.10",
      "resolved": "https://registry.npmjs.org/packet28/-/packet28-0.2.10.tgz",
      "integrity": "sha512-htngc8FAJNjrm0oe+Zlx9SRmyfvuus31rwOuwQGoBdUZXC3gxos9VLflQtGKdmOZDIbt9lxteCnmltnOiC5GWQ==",
      "license": "MIT",
      "bin": {
        "packet28": "bin/packet28.js",
        "packet28-mcp": "bin/packet28-mcp.js"
      },
      "engines": {
        "node": ">=18"
      },
      "optionalDependencies": {
        "@packet28/darwin-arm64": "0.2.10",
        "@packet28/darwin-x64": "0.2.10",
        "@packet28/linux-arm64": "0.2.10",
        "@packet28/linux-x64": "0.2.10"
      }
    }
  }
}
