{
  "name": "Coverage",
  "lockfileVersion": 3,
  "requires": true,
  "packages": {
    "": {
      "dependencies": {
        "packet28": "^0.2.7"
      }
    },
    "node_modules/@packet28/darwin-arm64": {
      "version": "0.2.7",
      "resolved": "https://registry.npmjs.org/@packet28/darwin-arm64/-/darwin-arm64-0.2.7.tgz",
      "integrity": "sha512-REIrhTmg1Yw2ISh9guSd3DWY3IRlkj3ZzmJXioPhidbzyYmj7l3rQ5Ct4ZDz1UKqcH/cMix/GEfhnOD4IWYsKw==",
      "cpu": [
        "arm64"
      ],
      "license": "MIT",
      "optional": true,
      "os": [
        "darwin"
      ]
    },
    "node_modules/@packet28/darwin-x64": {
      "version": "0.2.7",
      "resolved": "https://registry.npmjs.org/@packet28/darwin-x64/-/darwin-x64-0.2.7.tgz",
      "integrity": "sha512-dvMb40Xrxrz5s6ubfpP4wz0TON/wc8IIJsN1rlpLooyrDLRPXoGkuoGz+D0fOuuktAZrO5uCa2gEv1V9KPq98Q==",
      "cpu": [
        "x64"
      ],
      "license": "MIT",
      "optional": true,
      "os": [
        "darwin"
      ]
    },
    "node_modules/@packet28/linux-arm64": {
      "version": "0.2.7",
      "resolved": "https://registry.npmjs.org/@packet28/linux-arm64/-/linux-arm64-0.2.7.tgz",
      "integrity": "sha512-bsF/Ab6fqZGjiIkNKsmq+BYBpJmKcWcSg3mYEOHgZ3G/LR6GS+kz06y4oiIuJqmTRscrHsP/yNH0NBUFKMJIFg==",
      "cpu": [
        "arm64"
      ],
      "license": "MIT",
      "optional": true,
      "os": [
        "linux"
      ]
    },
    "node_modules/@packet28/linux-x64": {
      "version": "0.2.7",
      "resolved": "https://registry.npmjs.org/@packet28/linux-x64/-/linux-x64-0.2.7.tgz",
      "integrity": "sha512-+i/uwPdUMXWIhhXqJkqbqiUADfe6cNWgApgw+CAq2LkdFDiXr0eCEMTBuVtthu5fdHUGQKzaIsMEF7yqGDsVQQ==",
      "cpu": [
        "x64"
      ],
      "license": "MIT",
      "optional": true,
      "os": [
        "linux"
      ]
    },
    "node_modules/packet28": {
      "version": "0.2.7",
      "resolved": "https://registry.npmjs.org/packet28/-/packet28-0.2.7.tgz",
      "integrity": "sha512-hBMkGjQMTFXX4u8zi8wHr2Nz/pWSykUNM0kU/bUWPu6bTdi7/GdAh610uvVhZ4MtRb2qqqTwbN6x6fmBfO8KlQ==",
      "license": "MIT",
      "bin": {
        "packet28": "bin/packet28.js",
        "packet28-mcp": "bin/packet28-mcp.js"
      },
      "engines": {
        "node": ">=18"
      },
      "optionalDependencies": {
        "@packet28/darwin-arm64": "0.2.7",
        "@packet28/darwin-x64": "0.2.7",
        "@packet28/linux-arm64": "0.2.7",
        "@packet28/linux-x64": "0.2.7"
      }
    }
  }
}
